// !$*UTF8*$!
{
	archiveVersion = 1;
	classes = {
	};
	objectVersion = 46;
	objects = {

/* Begin PBXBuildFile section */
		2F4532B0B0A60CF1764F4DCC /* libPods.a in Frameworks */ = {isa = PBXBuildFile; fileRef = 0F31917F48C49488605C6350 /* libPods.a */; };
		32CFE6591CAE003300610F5C /* AppDelegate.swift in Sources */ = {isa = PBXBuildFile; fileRef = 32CFE6581CAE003300610F5C /* AppDelegate.swift */; };
		32CFE65E1CAE003300610F5C /* Main.storyboard in Resources */ = {isa = PBXBuildFile; fileRef = 32CFE65C1CAE003300610F5C /* Main.storyboard */; };
		32CFE6601CAE003300610F5C /* Assets.xcassets in Resources */ = {isa = PBXBuildFile; fileRef = 32CFE65F1CAE003300610F5C /* Assets.xcassets */; };
		32CFE6631CAE003300610F5C /* LaunchScreen.storyboard in Resources */ = {isa = PBXBuildFile; fileRef = 32CFE6611CAE003300610F5C /* LaunchScreen.storyboard */; };
		32CFE66E1CAE003300610F5C /* rudaoOnlineTests.swift in Sources */ = {isa = PBXBuildFile; fileRef = 32CFE66D1CAE003300610F5C /* rudaoOnlineTests.swift */; };
		32CFE67D1CAE121100610F5C /* ROViewController.swift in Sources */ = {isa = PBXBuildFile; fileRef = 32CFE67C1CAE121100610F5C /* ROViewController.swift */; };
		32CFE67F1CAE168100610F5C /* logonViewController.swift in Sources */ = {isa = PBXBuildFile; fileRef = 32CFE67E1CAE168100610F5C /* logonViewController.swift */; };
		32CFE6811CAE219F00610F5C /* bridgeing-Header.h in Sources */ = {isa = PBXBuildFile; fileRef = 32CFE6801CAE215100610F5C /* bridgeing-Header.h */; };
/* End PBXBuildFile section */

/* Begin PBXContainerItemProxy section */
		32CFE66A1CAE003300610F5C /* PBXContainerItemProxy */ = {
			isa = PBXContainerItemProxy;
			containerPortal = 32CFE64D1CAE003300610F5C /* Project object */;
			proxyType = 1;
			remoteGlobalIDString = 32CFE6541CAE003300610F5C;
			remoteInfo = rudaoOnline;
		};
/* End PBXContainerItemProxy section */

/* Begin PBXFileReference section */
		0F31917F48C49488605C6350 /* libPods.a */ = {isa = PBXFileReference; explicitFileType = archive.ar; includeInIndex = 0; path = libPods.a; sourceTree = BUILT_PRODUCTS_DIR; };
		32CFE6551CAE003300610F5C /* rudaoOnline.app */ = {isa = PBXFileReference; explicitFileType = wrapper.application; includeInIndex = 0; path = rudaoOnline.app; sourceTree = BUILT_PRODUCTS_DIR; };
		32CFE6581CAE003300610F5C /* AppDelegate.swift */ = {isa = PBXFileReference; lastKnownFileType = sourcecode.swift; path = AppDelegate.swift; sourceTree = "<group>"; };
		32CFE65D1CAE003300610F5C /* Base */ = {isa = PBXFileReference; lastKnownFileType = file.storyboard; name = Base; path = Base.lproj/Main.storyboard; sourceTree = "<group>"; };
		32CFE65F1CAE003300610F5C /* Assets.xcassets */ = {isa = PBXFileReference; lastKnownFileType = folder.assetcatalog; path = Assets.xcassets; sourceTree = "<group>"; };
		32CFE6621CAE003300610F5C /* Base */ = {isa = PBXFileReference; lastKnownFileType = file.storyboard; name = Base; path = Base.lproj/LaunchScreen.storyboard; sourceTree = "<group>"; };
		32CFE6641CAE003300610F5C /* Info.plist */ = {isa = PBXFileReference; lastKnownFileType = text.plist.xml; path = Info.plist; sourceTree = "<group>"; };
		32CFE6691CAE003300610F5C /* rudaoOnlineTests.xctest */ = {isa = PBXFileReference; explicitFileType = wrapper.cfbundle; includeInIndex = 0; path = rudaoOnlineTests.xctest; sourceTree = BUILT_PRODUCTS_DIR; };
		32CFE66D1CAE003300610F5C /* rudaoOnlineTests.swift */ = {isa = PBXFileReference; lastKnownFileType = sourcecode.swift; path = rudaoOnlineTests.swift; sourceTree = "<group>"; };
		32CFE66F1CAE003300610F5C /* Info.plist */ = {isa = PBXFileReference; lastKnownFileType = text.plist.xml; path = Info.plist; sourceTree = "<group>"; };
		32CFE67C1CAE121100610F5C /* ROViewController.swift */ = {isa = PBXFileReference; fileEncoding = 4; lastKnownFileType = sourcecode.swift; path = ROViewController.swift; sourceTree = "<group>"; };
		32CFE67E1CAE168100610F5C /* logonViewController.swift */ = {isa = PBXFileReference; fileEncoding = 4; lastKnownFileType = sourcecode.swift; path = logonViewController.swift; sourceTree = "<group>"; };
		32CFE6801CAE215100610F5C /* bridgeing-Header.h */ = {isa = PBXFileReference; fileEncoding = 4; lastKnownFileType = sourcecode.c.h; path = "bridgeing-Header.h"; sourceTree = "<group>"; };
		6D9EC635ACB589AE64D4A8A7 /* Pods.release.xcconfig */ = {isa = PBXFileReference; includeInIndex = 1; lastKnownFileType = text.xcconfig; name = Pods.release.xcconfig; path = "Pods/Target Support Files/Pods/Pods.release.xcconfig"; sourceTree = "<group>"; };
		EC798C09320AFE8602C4034A /* Pods.debug.xcconfig */ = {isa = PBXFileReference; includeInIndex = 1; lastKnownFileType = text.xcconfig; name = Pods.debug.xcconfig; path = "Pods/Target Support Files/Pods/Pods.debug.xcconfig"; sourceTree = "<group>"; };
/* End PBXFileReference section */

/* Begin PBXFrameworksBuildPhase section */
		32CFE6521CAE003300610F5C /* Frameworks */ = {
			isa = PBXFrameworksBuildPhase;
			buildActionMask = 2147483647;
			files = (
				2F4532B0B0A60CF1764F4DCC /* libPods.a in Frameworks */,
			);
			runOnlyForDeploymentPostprocessing = 0;
		};
		32CFE6661CAE003300610F5C /* Frameworks */ = {
			isa = PBXFrameworksBuildPhase;
			buildActionMask = 2147483647;
			files = (
			);
			runOnlyForDeploymentPostprocessing = 0;
		};
/* End PBXFrameworksBuildPhase section */

/* Begin PBXGroup section */
		32CFE64C1CAE003300610F5C = {
			isa = PBXGroup;
			children = (
				32CFE6801CAE215100610F5C /* bridgeing-Header.h */,
				32CFE6571CAE003300610F5C /* rudaoOnline */,
				32CFE66C1CAE003300610F5C /* rudaoOnlineTests */,
				32CFE6561CAE003300610F5C /* Products */,
				6C1BFE7111D4C2806110AA82 /* Pods */,
				A552C2F24E3FACBFE5404C03 /* Frameworks */,
			);
			sourceTree = "<group>";
		};
		32CFE6561CAE003300610F5C /* Products */ = {
			isa = PBXGroup;
			children = (
				32CFE6551CAE003300610F5C /* rudaoOnline.app */,
				32CFE6691CAE003300610F5C /* rudaoOnlineTests.xctest */,
			);
			name = Products;
			sourceTree = "<group>";
		};
		32CFE6571CAE003300610F5C /* rudaoOnline */ = {
			isa = PBXGroup;
			children = (
				32CFE6781CAE119100610F5C /* UI */,
				32CFE6581CAE003300610F5C /* AppDelegate.swift */,
				32CFE65C1CAE003300610F5C /* Main.storyboard */,
				32CFE65F1CAE003300610F5C /* Assets.xcassets */,
				32CFE6611CAE003300610F5C /* LaunchScreen.storyboard */,
				32CFE6641CAE003300610F5C /* Info.plist */,
			);
			path = rudaoOnline;
			sourceTree = "<group>";
		};
		32CFE66C1CAE003300610F5C /* rudaoOnlineTests */ = {
			isa = PBXGroup;
			children = (
				32CFE66D1CAE003300610F5C /* rudaoOnlineTests.swift */,
				32CFE66F1CAE003300610F5C /* Info.plist */,
			);
			path = rudaoOnlineTests;
			sourceTree = "<group>";
		};
		32CFE6781CAE119100610F5C /* UI */ = {
			isa = PBXGroup;
			children = (
				32CFE67B1CAE11C700610F5C /* Other */,
				32CFE6791CAE119C00610F5C /* LoadReg */,
			);
			name = UI;
			sourceTree = "<group>";
		};
		32CFE6791CAE119C00610F5C /* LoadReg */ = {
			isa = PBXGroup;
			children = (
				32CFE67A1CAE11AE00610F5C /* newpage */,
				32CFE67E1CAE168100610F5C /* logonViewController.swift */,
			);
			name = LoadReg;
			sourceTree = "<group>";
		};
		32CFE67A1CAE11AE00610F5C /* newpage */ = {
			isa = PBXGroup;
			children = (
				32CFE67C1CAE121100610F5C /* ROViewController.swift */,
			);
			name = newpage;
			sourceTree = "<group>";
		};
		32CFE67B1CAE11C700610F5C /* Other */ = {
			isa = PBXGroup;
			children = (
			);
			name = Other;
			sourceTree = "<group>";
		};
		6C1BFE7111D4C2806110AA82 /* Pods */ = {
			isa = PBXGroup;
			children = (
				EC798C09320AFE8602C4034A /* Pods.debug.xcconfig */,
				6D9EC635ACB589AE64D4A8A7 /* Pods.release.xcconfig */,
			);
			name = Pods;
			sourceTree = "<group>";
		};
		A552C2F24E3FACBFE5404C03 /* Frameworks */ = {
			isa = PBXGroup;
			children = (
				0F31917F48C49488605C6350 /* libPods.a */,
			);
			name = Frameworks;
			sourceTree = "<group>";
		};
/* End PBXGroup section */

/* Begin PBXNativeTarget section */
		32CFE6541CAE003300610F5C /* rudaoOnline */ = {
			isa = PBXNativeTarget;
			buildConfigurationList = 32CFE6721CAE003300610F5C /* Build configuration list for PBXNativeTarget "rudaoOnline" */;
			buildPhases = (
				8B278BAEC574F9B8DFECD21A /* Check Pods Manifest.lock */,
				32CFE6511CAE003300610F5C /* Sources */,
				32CFE6521CAE003300610F5C /* Frameworks */,
				32CFE6531CAE003300610F5C /* Resources */,
				80C3E6ABC110229A6A51AA2E /* Embed Pods Frameworks */,
				ED146A1F5F9CC569E8C8F920 /* Copy Pods Resources */,
			);
			buildRules = (
			);
			dependencies = (
			);
			name = rudaoOnline;
			productName = rudaoOnline;
			productReference = 32CFE6551CAE003300610F5C /* rudaoOnline.app */;
			productType = "com.apple.product-type.application";
		};
		32CFE6681CAE003300610F5C /* rudaoOnlineTests */ = {
			isa = PBXNativeTarget;
			buildConfigurationList = 32CFE6751CAE003300610F5C /* Build configuration list for PBXNativeTarget "rudaoOnlineTests" */;
			buildPhases = (
				32CFE6651CAE003300610F5C /* Sources */,
				32CFE6661CAE003300610F5C /* Frameworks */,
				32CFE6671CAE003300610F5C /* Resources */,
			);
			buildRules = (
			);
			dependencies = (
				32CFE66B1CAE003300610F5C /* PBXTargetDependency */,
			);
			name = rudaoOnlineTests;
			productName = rudaoOnlineTests;
			productReference = 32CFE6691CAE003300610F5C /* rudaoOnlineTests.xctest */;
			productType = "com.apple.product-type.bundle.unit-test";
		};
/* End PBXNativeTarget section */

/* Begin PBXProject section */
		32CFE64D1CAE003300610F5C /* Project object */ = {
			isa = PBXProject;
			attributes = {
				LastSwiftUpdateCheck = 0720;
				LastUpgradeCheck = 0720;
				ORGANIZATIONNAME = 13110100517;
				TargetAttributes = {
					32CFE6541CAE003300610F5C = {
						CreatedOnToolsVersion = 7.2.1;
					};
					32CFE6681CAE003300610F5C = {
						CreatedOnToolsVersion = 7.2.1;
						TestTargetID = 32CFE6541CAE003300610F5C;
					};
				};
			};
			buildConfigurationList = 32CFE6501CAE003300610F5C /* Build configuration list for PBXProject "rudaoOnline" */;
			compatibilityVersion = "Xcode 3.2";
			developmentRegion = English;
			hasScannedForEncodings = 0;
			knownRegions = (
				en,
				Base,
			);
			mainGroup = 32CFE64C1CAE003300610F5C;
			productRefGroup = 32CFE6561CAE003300610F5C /* Products */;
			projectDirPath = "";
			projectRoot = "";
			targets = (
				32CFE6541CAE003300610F5C /* rudaoOnline */,
				32CFE6681CAE003300610F5C /* rudaoOnlineTests */,
			);
		};
/* End PBXProject section */

/* Begin PBXResourcesBuildPhase section */
		32CFE6531CAE003300610F5C /* Resources */ = {
			isa = PBXResourcesBuildPhase;
			buildActionMask = 2147483647;
			files = (
				32CFE6631CAE003300610F5C /* LaunchScreen.storyboard in Resources */,
				32CFE6601CAE003300610F5C /* Assets.xcassets in Resources */,
				32CFE65E1CAE003300610F5C /* Main.storyboard in Resources */,
			);
			runOnlyForDeploymentPostprocessing = 0;
		};
		32CFE6671CAE003300610F5C /* Resources */ = {
			isa = PBXResourcesBuildPhase;
			buildActionMask = 2147483647;
			files = (
			);
			runOnlyForDeploymentPostprocessing = 0;
		};
/* End PBXResourcesBuildPhase section */

/* Begin PBXShellScriptBuildPhase section */
		80C3E6ABC110229A6A51AA2E /* Embed Pods Frameworks */ = {
			isa = PBXShellScriptBuildPhase;
			buildActionMask = 2147483647;
			files = (
			);
			inputPaths = (
			);
			name = "Embed Pods Frameworks";
			outputPaths = (
			);
			runOnlyForDeploymentPostprocessing = 0;
			shellPath = /bin/sh;
			shellScript = "\"${SRCROOT}/Pods/Target Support Files/Pods/Pods-frameworks.sh\"\n";
			showEnvVarsInLog = 0;
		};
		8B278BAEC574F9B8DFECD21A /* Check Pods Manifest.lock */ = {
			isa = PBXShellScriptBuildPhase;
			buildActionMask = 2147483647;
			files = (
			);
			inputPaths = (
			);
			name = "Check Pods Manifest.lock";
			outputPaths = (
			);
			runOnlyForDeploymentPostprocessing = 0;
			shellPath = /bin/sh;
			shellScript = "diff \"${PODS_ROOT}/../Podfile.lock\" \"${PODS_ROOT}/Manifest.lock\" > /dev/null\nif [[ $? != 0 ]] ; then\n    cat << EOM\nerror: The sandbox is not in sync with the Podfile.lock. Run 'pod install' or update your CocoaPods installation.\nEOM\n    exit 1\nfi\n";
			showEnvVarsInLog = 0;
		};
		ED146A1F5F9CC569E8C8F920 /* Copy Pods Resources */ = {
			isa = PBXShellScriptBuildPhase;
			buildActionMask = 2147483647;
			files = (
			);
			inputPaths = (
			);
			name = "Copy Pods Resources";
			outputPaths = (
			);
			runOnlyForDeploymentPostprocessing = 0;
			shellPath = /bin/sh;
			shellScript = "\"${SRCROOT}/Pods/Target Support Files/Pods/Pods-resources.sh\"\n";
			showEnvVarsInLog = 0;
		};
/* End PBXShellScriptBuildPhase section */

/* Begin PBXSourcesBuildPhase section */
		32CFE6511CAE003300610F5C /* Sources */ = {
			isa = PBXSourcesBuildPhase;
			buildActionMask = 2147483647;
			files = (
				32CFE6811CAE219F00610F5C /* bridgeing-Header.h in Sources */,
				32CFE6591CAE003300610F5C /* AppDelegate.swift in Sources */,
				32CFE67D1CAE121100610F5C /* ROViewController.swift in Sources */,
				32CFE67F1CAE168100610F5C /* logonViewController.swift in Sources */,
			);
			runOnlyForDeploymentPostprocessing = 0;
		};
		32CFE6651CAE003300610F5C /* Sources */ = {
			isa = PBXSourcesBuildPhase;
			buildActionMask = 2147483647;
			files = (
				32CFE66E1CAE003300610F5C /* rudaoOnlineTests.swift in Sources */,
			);
			runOnlyForDeploymentPostprocessing = 0;
		};
/* End PBXSourcesBuildPhase section */

/* Begin PBXTargetDependency section */
		32CFE66B1CAE003300610F5C /* PBXTargetDependency */ = {
			isa = PBXTargetDependency;
			target = 32CFE6541CAE003300610F5C /* rudaoOnline */;
			targetProxy = 32CFE66A1CAE003300610F5C /* PBXContainerItemProxy */;
		};
/* End PBXTargetDependency section */

/* Begin PBXVariantGroup section */
		32CFE65C1CAE003300610F5C /* Main.storyboard */ = {
			isa = PBXVariantGroup;
			children = (
				32CFE65D1CAE003300610F5C /* Base */,
			);
			name = Main.storyboard;
			sourceTree = "<group>";
		};
		32CFE6611CAE003300610F5C /* LaunchScreen.storyboard */ = {
			isa = PBXVariantGroup;
			children = (
				32CFE6621CAE003300610F5C /* Base */,
			);
			name = LaunchScreen.storyboard;
			sourceTree = "<group>";
		};
/* End PBXVariantGroup section */

/* Begin XCBuildConfiguration section */
		32CFE6701CAE003300610F5C /* Debug */ = {
			isa = XCBuildConfiguration;
			buildSettings = {
				ALWAYS_SEARCH_USER_PATHS = NO;
				CLANG_CXX_LANGUAGE_STANDARD = "gnu++0x";
				CLANG_CXX_LIBRARY = "libc++";
				CLANG_ENABLE_MODULES = YES;
				CLANG_ENABLE_OBJC_ARC = YES;
				CLANG_WARN_BOOL_CONVERSION = YES;
				CLANG_WARN_CONSTANT_CONVERSION = YES;
				CLANG_WARN_DIRECT_OBJC_ISA_USAGE = YES_ERROR;
				CLANG_WARN_EMPTY_BODY = YES;
				CLANG_WARN_ENUM_CONVERSION = YES;
				CLANG_WARN_INT_CONVERSION = YES;
				CLANG_WARN_OBJC_ROOT_CLASS = YES_ERROR;
				CLANG_WARN_UNREACHABLE_CODE = YES;
				CLANG_WARN__DUPLICATE_METHOD_MATCH = YES;
				"CODE_SIGN_IDENTITY[sdk=iphoneos*]" = "iPhone Developer";
				COPY_PHASE_STRIP = NO;
				DEBUG_INFORMATION_FORMAT = dwarf;
				ENABLE_STRICT_OBJC_MSGSEND = YES;
				ENABLE_TESTABILITY = YES;
				GCC_C_LANGUAGE_STANDARD = gnu99;
				GCC_DYNAMIC_NO_PIC = NO;
				GCC_NO_COMMON_BLOCKS = YES;
				GCC_OPTIMIZATION_LEVEL = 0;
				GCC_PREPROCESSOR_DEFINITIONS = (
					"DEBUG=1",
					"$(inherited)",
				);
				GCC_WARN_64_TO_32_BIT_CONVERSION = YES;
				GCC_WARN_ABOUT_RETURN_TYPE = YES_ERROR;
				GCC_WARN_UNDECLARED_SELECTOR = YES;
				GCC_WARN_UNINITIALIZED_AUTOS = YES_AGGRESSIVE;
				GCC_WARN_UNUSED_FUNCTION = YES;
				GCC_WARN_UNUSED_VARIABLE = YES;
				IPHONEOS_DEPLOYMENT_TARGET = 9.2;
				MTL_ENABLE_DEBUG_INFO = YES;
				ONLY_ACTIVE_ARCH = YES;
				SDKROOT = iphoneos;
				SWIFT_OPTIMIZATION_LEVEL = "-Onone";
				TARGETED_DEVICE_FAMILY = "1,2";
			};
			name = Debug;
		};
		32CFE6711CAE003300610F5C /* Release */ = {
			isa = XCBuildConfiguration;
			buildSettings = {
				ALWAYS_SEARCH_USER_PATHS = NO;
				CLANG_CXX_LANGUAGE_STANDARD = "gnu++0x";
				CLANG_CXX_LIBRARY = "libc++";
				CLANG_ENABLE_MODULES = YES;
				CLANG_ENABLE_OBJC_ARC = YES;
				CLANG_WARN_BOOL_CONVERSION = YES;
				CLANG_WARN_CONSTANT_CONVERSION = YES;
				CLANG_WARN_DIRECT_OBJC_ISA_USAGE = YES_ERROR;
				CLANG_WARN_EMPTY_BODY = YES;
				CLANG_WARN_ENUM_CONVERSION = YES;
				CLANG_WARN_INT_CONVERSION = YES;
				CLANG_WARN_OBJC_ROOT_CLASS = YES_ERROR;
				CLANG_WARN_UNREACHABLE_CODE = YES;
				CLANG_WARN__DUPLICATE_METHOD_MATCH = YES;
				"CODE_SIGN_IDENTITY[sdk=iphoneos*]" = "iPhone Developer";
				COPY_PHASE_STRIP = NO;
				DEBUG_INFORMATION_FORMAT = "dwarf-with-dsym";
				ENABLE_NS_ASSERTIONS = NO;
				ENABLE_STRICT_OBJC_MSGSEND = YES;
				GCC_C_LANGUAGE_STANDARD = gnu99;
				GCC_NO_COMMON_BLOCKS = YES;
				GCC_WARN_64_TO_32_BIT_CONVERSION = YES;
				GCC_WARN_ABOUT_RETURN_TYPE = YES_ERROR;
				GCC_WARN_UNDECLARED_SELECTOR = YES;
				GCC_WARN_UNINITIALIZED_AUTOS = YES_AGGRESSIVE;
				GCC_WARN_UNUSED_FUNCTION = YES;
				GCC_WARN_UNUSED_VARIABLE = YES;
				IPHONEOS_DEPLOYMENT_TARGET = 9.2;
				MTL_ENABLE_DEBUG_INFO = NO;
				SDKROOT = iphoneos;
				TARGETED_DEVICE_FAMILY = "1,2";
				VALIDATE_PRODUCT = YES;
			};
			name = Release;
		};
		32CFE6731CAE003300610F5C /* Debug */ = {
			isa = XCBuildConfiguration;
			baseConfigurationReference = EC798C09320AFE8602C4034A /* Pods.debug.xcconfig */;
			buildSettings = {
				ASSETCATALOG_COMPILER_APPICON_NAME = AppIcon;
				INFOPLIST_FILE = rudaoOnline/Info.plist;
				LD_RUNPATH_SEARCH_PATHS = "$(inherited) @executable_path/Frameworks";
				PRODUCT_BUNDLE_IDENTIFIER = hanzhe.rudaoOnline;
				PRODUCT_NAME = "$(TARGET_NAME)";
				SWIFT_OBJC_BRIDGING_HEADER = "bridgeing-Header.h";
			};
			name = Debug;
		};
		32CFE6741CAE003300610F5C /* Release */ = {
			isa = XCBuildConfiguration;
			baseConfigurationReference = 6D9EC635ACB589AE64D4A8A7 /* Pods.release.xcconfig */;
			buildSettings = {
				ASSETCATALOG_COMPILER_APPICON_NAME = AppIcon;
				INFOPLIST_FILE = rudaoOnline/Info.plist;
				LD_RUNPATH_SEARCH_PATHS = "$(inherited) @executable_path/Frameworks";
				PRODUCT_BUNDLE_IDENTIFIER = hanzhe.rudaoOnline;
				PRODUCT_NAME = "$(TARGET_NAME)";
				SWIFT_OBJC_BRIDGING_HEADER = "bridgeing-Header.h";
			};
			name = Release;
		};
		32CFE6761CAE003300610F5C /* Debug */ = {
			isa = XCBuildConfiguration;
			buildSettings = {
				BUNDLE_LOADER = "$(TEST_HOST)";
				INFOPLIST_FILE = rudaoOnlineTests/Info.plist;
				LD_RUNPATH_SEARCH_PATHS = "$(inherited) @executable_path/Frameworks @loader_path/Frameworks";
				PRODUCT_BUNDLE_IDENTIFIER = hanzhe.rudaoOnlineTests;
				PRODUCT_NAME = "$(TARGET_NAME)";
				TEST_HOST = "$(BUILT_PRODUCTS_DIR)/rudaoOnline.app/rudaoOnline";
			};
			name = Debug;
		};
		32CFE6771CAE003300610F5C /* Release */ = {
			isa = XCBuildConfiguration;
			buildSettings = {
				BUNDLE_LOADER = "$(TEST_HOST)";
				INFOPLIST_FILE = rudaoOnlineTests/Info.plist;
				LD_RUNPATH_SEARCH_PATHS = "$(inherited) @executable_path/Frameworks @loader_path/Frameworks";
				PRODUCT_BUNDLE_IDENTIFIER = hanzhe.rudaoOnlineTests;
				PRODUCT_NAME = "$(TARGET_NAME)";
				TEST_HOST = "$(BUILT_PRODUCTS_DIR)/rudaoOnline.app/rudaoOnline";
			};
			name = Release;
		};
/* End XCBuildConfiguration section */

/* Begin XCConfigurationList section */
		32CFE6501CAE003300610F5C /* Build configuration list for PBXProject "rudaoOnline" */ = {
			isa = XCConfigurationList;
			buildConfigurations = (
				32CFE6701CAE003300610F5C /* Debug */,
				32CFE6711CAE003300610F5C /* Release */,
			);
			defaultConfigurationIsVisible = 0;
			defaultConfigurationName = Release;
		};
		32CFE6721CAE003300610F5C /* Build configuration list for PBXNativeTarget "rudaoOnline" */ = {
			isa = XCConfigurationList;
			buildConfigurations = (
				32CFE6731CAE003300610F5C /* Debug */,
				32CFE6741CAE003300610F5C /* Release */,
			);
			defaultConfigurationIsVisible = 0;
			defaultConfigurationName = Release;
		};
		32CFE6751CAE003300610F5C /* Build configuration list for PBXNativeTarget "rudaoOnlineTests" */ = {
			isa = XCConfigurationList;
			buildConfigurations = (
				32CFE6761CAE003300610F5C /* Debug */,
				32CFE6771CAE003300610F5C /* Release */,
			);
			defaultConfigurationIsVisible = 0;
			defaultConfigurationName = Release;
		};
/* End XCConfigurationList section */
	};
	rootObject = 32CFE64D1CAE003300610F5C /* Project object */;
}
